<Solution>
  <Project Path="Ejercicio 1/Ejercicio 1.csproj" Id="a8ec3199-dc67-4ad2-b392-a88d1ab1e89b" />
  <Project Path="Ejercicio 2/Ejercicio 2.csproj" Id="abed49cc-16a5-4742-8fb2-a4fe1e7aaca2" />
  <Project Path="Ejercicio 3/Ejercicio 3.csproj" Id="4caa6202-1664-4a3d-b24d-18a6aef98bd4" />
  <Project Path="Ejercicio 4/Ejercicio 4.csproj" Id="c4148ef4-ccf0-4fa4-a3ae-28e0d5de72f8" />
  <Project Path="Ejercicio 5/Ejercicio 5.csproj" Id="a695f988-e11c-40a7-a7ef-d291af01fcfe" />
  <Project Path="Ejercicio 6/Ejercicio 6.csproj" Id="a5bafc3c-40b9-4266-b2f3-7dc5641de302" />
  <Project Path="Ejercicio 7/Ejercicio 7.csproj" Id="70e4dd15-186a-47d4-ac8c-b63443685267" />
  <Project Path="Ejercicio 8/Ejercicio 8.csproj" Id="814426f4-aaf8-4d23-9c58-adfa7328ebb9" />
</Solution>
